{
  "version": 4,
  "terraform_version": "1.9.0",
  "serial": 5,
  "lineage": "9d4ae2f9-9c41-8877-b8ef-040eeb3e9b5f",
  "outputs": {},
  "resources": [
    {
      "mode": "managed",
      "type": "aws_key_pair",
      "name": "ssh_key",
      "provider": "provider[\"registry.terraform.io/hashicorp/aws\"]",
      "instances": [
        {
          "schema_version": 1,
          "attributes": {
            "arn": "arn:aws:ec2:us-west-2:637423360254:key-pair/terra",
            "fingerprint": "9b:f5:d6:b2:af:d9:91:b5:88:e2:37:fe:8b:12:bc:53",
            "id": "terra",
            "key_name": "terra",
            "key_name_prefix": "",
            "key_pair_id": "key-0f744094d1b659952",
            "key_type": "rsa",
            "public_key": "ssh-rsa AAAAB3NzaC1yc2EAAAADAQABAAABgQCxJtp6uYgxrBAD/JJjJ1cO/POZtvzxUyPAr3ll7bQ198ihwYje0i3DoIEQdGTkYh398dGRkrgUuwSQU98Jl1bShNoZAFOWl+DdG3Kvr+Dr6xlC3tixI8SZ8Tm0yDGsGMqX0f1kmQLKxuYTcaU45ozrhwLiypcHL61X6yllKTLPRi5QX0ysC0I9w9MFxT5PgKeSrXO/YxwwvH6nYj+fEFQDYrQRSCC+qSM8PgplXrVQ5mf5ElqVG0MF5YgKPEnvr30Xg7wsotM6fvM3OumM2+vdsXBmE2DSt4kWCGdIE7VWKSFb+6pnqAcSDcSpVA1J48ZuaWDUY2e7mQ8134L/Ms/Hpb22IAMXZ7ZSBb9fdjnVU2Y8w1/widYyrd0FnNgyy8N3AXJ5QC8AGRc1bFqTcibREAch1no4etxmDVlaEPt5oyHcxfhaxYx/q9cAPy7GkKJgYuSQxuY0jbUkjfsIJyrf41W84tuC0lJuB/qJGQ/B+VSOVYVMu+3wmpmIBIb9tY8= mark@mark-virtual-machine",
            "tags": null,
            "tags_all": {}
          },
          "sensitive_attributes": [],
          "private": "eyJzY2hlbWFfdmVyc2lvbiI6IjEifQ=="
        }
      ]
    }
  ],
  "check_results": null
}
